<Solution>
  <Folder Name="/Documentation/">
    <File Path="Documentation/DataDictionary.md" />
    <File Path="Documentation/Design_Notes.md" />
    <File Path="Documentation/Initial_Specification.md" />
    <File Path="Documentation/SupportPortalDB_ERD.jpg" />
  </Folder>
  <Folder Name="/Solution Items/">
    <File Path=".github/copilot-instructions.md" />
    <File Path="README.md" />
  </Folder>
  <Project Path="SupportPortalAPI/SupportPortalAPI.csproj" />
  <Project Path="SupportPortalDB/SupportPortalDB.sqlproj" Id="ea2a9c03-5f27-4e4d-9c22-113db3d4d7ba">
    <Build />
    <Deploy />
  </Project>
  <Project Path="SupportPortalDomain/SupportPortalDomain.csproj" />
  <Project Path="SupportPortalInfrastructure/SupportPortalInfrastructure.csproj" />
  <Project Path="SupportPortalTests/SupportPortalTests.csproj" />
  <Project Path="SupportPortalUI/SupportPortalUI.csproj" />
</Solution>
